
Microsoft Visual Studio Solution File, Format Version 12.00
# Visual Studio Version 17
VisualStudioVersion = 17.2.32519.379
MinimumVisualStudioVersion = 10.0.40219.1
Project("{8BC9CEB8-8B4A-11D0-8D11-00A0C91BC942}") = "SmartPointers", "SmartPointers\SmartPointers.vcxproj", "{9FF92F14-9A86-4DAE-A226-596383B7032C}"
EndProject
Project("{8BC9CEB8-8B4A-11D0-8D11-00A0C91BC942}") = "FunctionPointers", "FunctionPointers\FunctionPointers.vcxproj", "{0CA1B353-CE5C-44C8-9F3E-A591A92DE785}"
EndProject
Project("{8BC9CEB8-8B4A-11D0-8D11-00A0C91BC942}") = "LambdaFunctions", "LambdaFunctions\LambdaFunctions.vcxproj", "{C1633966-D468-42C1-8E70-B4FDBB5FD897}"
EndProject
Project("{8BC9CEB8-8B4A-11D0-8D11-00A0C91BC942}") = "FileOperations", "FileOperations\FileOperations.vcxproj", "{F58F4548-F997-4808-AC0C-45549570EEF3}"
EndProject
Project("{8BC9CEB8-8B4A-11D0-8D11-00A0C91BC942}") = "ExceptionHandling", "ExceptionHandling\ExceptionHandling.vcxproj", "{89452249-F95F-48DB-856D-42BA9541EAC4}"
EndProject
Project("{8BC9CEB8-8B4A-11D0-8D11-00A0C91BC942}") = "CustomeException", "CustomeException\CustomeException.vcxproj", "{73BB38AD-B804-4B06-B9EC-623235DAAB79}"
EndProject
Project("{8BC9CEB8-8B4A-11D0-8D11-00A0C91BC942}") = "StackUnwinding", "StackUnwinding\StackUnwinding.vcxproj", "{C7958497-8F59-4A67-A2D7-0564FF6EA538}"
EndProject
Project("{8BC9CEB8-8B4A-11D0-8D11-00A0C91BC942}") = "TypeConversion", "TypeConversion\TypeConversion.vcxproj", "{A1D25BCB-0A4D-48C6-86D2-D78E448D7185}"
EndProject
Project("{8BC9CEB8-8B4A-11D0-8D11-00A0C91BC942}") = "DynamicCast", "DynamicCast\DynamicCast.vcxproj", "{95602489-0D27-40B1-AC21-12C0A19A53CD}"
EndProject
Project("{8BC9CEB8-8B4A-11D0-8D11-00A0C91BC942}") = "Const_Cast", "Const_Cast\Const_Cast.vcxproj", "{2F359EDF-A9C3-40D5-B470-FEB620823C99}"
EndProject
Project("{8BC9CEB8-8B4A-11D0-8D11-00A0C91BC942}") = "ReinterpretCast", "ReinterpretCast\ReinterpretCast.vcxproj", "{61BF601C-4D9E-49C8-B410-10F9D2877952}"
EndProject
Project("{8BC9CEB8-8B4A-11D0-8D11-00A0C91BC942}") = "LvalueAndRvalue", "LvalueAndRvalue\LvalueAndRvalue.vcxproj", "{010B9929-44C7-4ADA-8B7F-CC5C7EA3A77F}"
EndProject
Project("{8BC9CEB8-8B4A-11D0-8D11-00A0C91BC942}") = "MoveSemantics", "MoveSemantics\MoveSemantics.vcxproj", "{D3E37F54-E8BD-477B-BEE7-3192AA52D46C}"
EndProject
Project("{8BC9CEB8-8B4A-11D0-8D11-00A0C91BC942}") = "MultiThreding", "MultiThreding\MultiThreding.vcxproj", "{B5786830-A753-47A1-8526-22732EE9EBF9}"
EndProject
Project("{8BC9CEB8-8B4A-11D0-8D11-00A0C91BC942}") = "DeadLock", "DeadLock\DeadLock.vcxproj", "{7FD709A1-9E93-492A-850A-C4F06E752655}"
EndProject
Project("{8BC9CEB8-8B4A-11D0-8D11-00A0C91BC942}") = "ConditionalVar_Multithreading", "ConditionalVar_Multithreading\ConditionalVar_Multithreading.vcxproj", "{8561394D-86FA-4436-A2C1-7D8DA08954C8}"
EndProject
Project("{8BC9CEB8-8B4A-11D0-8D11-00A0C91BC942}") = "NameSpaces", "NameSpaces\NameSpaces.vcxproj", "{185C6CAD-327F-428A-866A-E164A0178EFE}"
EndProject
Project("{8BC9CEB8-8B4A-11D0-8D11-00A0C91BC942}") = "RAII", "RAII\RAII.vcxproj", "{8420B30E-1356-453C-A2FA-1927DBB8DD2A}"
EndProject
Global
	GlobalSection(SolutionConfigurationPlatforms) = preSolution
		Debug|x64 = Debug|x64
		Debug|x86 = Debug|x86
		Release|x64 = Release|x64
		Release|x86 = Release|x86
	EndGlobalSection
	GlobalSection(ProjectConfigurationPlatforms) = postSolution
		{9FF92F14-9A86-4DAE-A226-596383B7032C}.Debug|x64.ActiveCfg = Debug|x64
		{9FF92F14-9A86-4DAE-A226-596383B7032C}.Debug|x64.Build.0 = Debug|x64
		{9FF92F14-9A86-4DAE-A226-596383B7032C}.Debug|x86.ActiveCfg = Debug|Win32
		{9FF92F14-9A86-4DAE-A226-596383B7032C}.Debug|x86.Build.0 = Debug|Win32
		{9FF92F14-9A86-4DAE-A226-596383B7032C}.Release|x64.ActiveCfg = Release|x64
		{9FF92F14-9A86-4DAE-A226-596383B7032C}.Release|x64.Build.0 = Release|x64
		{9FF92F14-9A86-4DAE-A226-596383B7032C}.Release|x86.ActiveCfg = Release|Win32
		{9FF92F14-9A86-4DAE-A226-596383B7032C}.Release|x86.Build.0 = Release|Win32
		{0CA1B353-CE5C-44C8-9F3E-A591A92DE785}.Debug|x64.ActiveCfg = Debug|x64
		{0CA1B353-CE5C-44C8-9F3E-A591A92DE785}.Debug|x64.Build.0 = Debug|x64
		{0CA1B353-CE5C-44C8-9F3E-A591A92DE785}.Debug|x86.ActiveCfg = Debug|Win32
		{0CA1B353-CE5C-44C8-9F3E-A591A92DE785}.Debug|x86.Build.0 = Debug|Win32
		{0CA1B353-CE5C-44C8-9F3E-A591A92DE785}.Release|x64.ActiveCfg = Release|x64
		{0CA1B353-CE5C-44C8-9F3E-A591A92DE785}.Release|x64.Build.0 = Release|x64
		{0CA1B353-CE5C-44C8-9F3E-A591A92DE785}.Release|x86.ActiveCfg = Release|Win32
		{0CA1B353-CE5C-44C8-9F3E-A591A92DE785}.Release|x86.Build.0 = Release|Win32
		{C1633966-D468-42C1-8E70-B4FDBB5FD897}.Debug|x64.ActiveCfg = Debug|x64
		{C1633966-D468-42C1-8E70-B4FDBB5FD897}.Debug|x64.Build.0 = Debug|x64
		{C1633966-D468-42C1-8E70-B4FDBB5FD897}.Debug|x86.ActiveCfg = Debug|Win32
		{C1633966-D468-42C1-8E70-B4FDBB5FD897}.Debug|x86.Build.0 = Debug|Win32
		{C1633966-D468-42C1-8E70-B4FDBB5FD897}.Release|x64.ActiveCfg = Release|x64
		{C1633966-D468-42C1-8E70-B4FDBB5FD897}.Release|x64.Build.0 = Release|x64
		{C1633966-D468-42C1-8E70-B4FDBB5FD897}.Release|x86.ActiveCfg = Release|Win32
		{C1633966-D468-42C1-8E70-B4FDBB5FD897}.Release|x86.Build.0 = Release|Win32
		{F58F4548-F997-4808-AC0C-45549570EEF3}.Debug|x64.ActiveCfg = Debug|x64
		{F58F4548-F997-4808-AC0C-45549570EEF3}.Debug|x64.Build.0 = Debug|x64
		{F58F4548-F997-4808-AC0C-45549570EEF3}.Debug|x86.ActiveCfg = Debug|Win32
		{F58F4548-F997-4808-AC0C-45549570EEF3}.Debug|x86.Build.0 = Debug|Win32
		{F58F4548-F997-4808-AC0C-45549570EEF3}.Release|x64.ActiveCfg = Release|x64
		{F58F4548-F997-4808-AC0C-45549570EEF3}.Release|x64.Build.0 = Release|x64
		{F58F4548-F997-4808-AC0C-45549570EEF3}.Release|x86.ActiveCfg = Release|Win32
		{F58F4548-F997-4808-AC0C-45549570EEF3}.Release|x86.Build.0 = Release|Win32
		{89452249-F95F-48DB-856D-42BA9541EAC4}.Debug|x64.ActiveCfg = Debug|x64
		{89452249-F95F-48DB-856D-42BA9541EAC4}.Debug|x64.Build.0 = Debug|x64
		{89452249-F95F-48DB-856D-42BA9541EAC4}.Debug|x86.ActiveCfg = Debug|Win32
		{89452249-F95F-48DB-856D-42BA9541EAC4}.Debug|x86.Build.0 = Debug|Win32
		{89452249-F95F-48DB-856D-42BA9541EAC4}.Release|x64.ActiveCfg = Release|x64
		{89452249-F95F-48DB-856D-42BA9541EAC4}.Release|x64.Build.0 = Release|x64
		{89452249-F95F-48DB-856D-42BA9541EAC4}.Release|x86.ActiveCfg = Release|Win32
		{89452249-F95F-48DB-856D-42BA9541EAC4}.Release|x86.Build.0 = Release|Win32
		{73BB38AD-B804-4B06-B9EC-623235DAAB79}.Debug|x64.ActiveCfg = Debug|x64
		{73BB38AD-B804-4B06-B9EC-623235DAAB79}.Debug|x64.Build.0 = Debug|x64
		{73BB38AD-B804-4B06-B9EC-623235DAAB79}.Debug|x86.ActiveCfg = Debug|Win32
		{73BB38AD-B804-4B06-B9EC-623235DAAB79}.Debug|x86.Build.0 = Debug|Win32
		{73BB38AD-B804-4B06-B9EC-623235DAAB79}.Release|x64.ActiveCfg = Release|x64
		{73BB38AD-B804-4B06-B9EC-623235DAAB79}.Release|x64.Build.0 = Release|x64
		{73BB38AD-B804-4B06-B9EC-623235DAAB79}.Release|x86.ActiveCfg = Release|Win32
		{73BB38AD-B804-4B06-B9EC-623235DAAB79}.Release|x86.Build.0 = Release|Win32
		{C7958497-8F59-4A67-A2D7-0564FF6EA538}.Debug|x64.ActiveCfg = Debug|x64
		{C7958497-8F59-4A67-A2D7-0564FF6EA538}.Debug|x64.Build.0 = Debug|x64
		{C7958497-8F59-4A67-A2D7-0564FF6EA538}.Debug|x86.ActiveCfg = Debug|Win32
		{C7958497-8F59-4A67-A2D7-0564FF6EA538}.Debug|x86.Build.0 = Debug|Win32
		{C7958497-8F59-4A67-A2D7-0564FF6EA538}.Release|x64.ActiveCfg = Release|x64
		{C7958497-8F59-4A67-A2D7-0564FF6EA538}.Release|x64.Build.0 = Release|x64
		{C7958497-8F59-4A67-A2D7-0564FF6EA538}.Release|x86.ActiveCfg = Release|Win32
		{C7958497-8F59-4A67-A2D7-0564FF6EA538}.Release|x86.Build.0 = Release|Win32
		{A1D25BCB-0A4D-48C6-86D2-D78E448D7185}.Debug|x64.ActiveCfg = Debug|x64
		{A1D25BCB-0A4D-48C6-86D2-D78E448D7185}.Debug|x64.Build.0 = Debug|x64
		{A1D25BCB-0A4D-48C6-86D2-D78E448D7185}.Debug|x86.ActiveCfg = Debug|Win32
		{A1D25BCB-0A4D-48C6-86D2-D78E448D7185}.Debug|x86.Build.0 = Debug|Win32
		{A1D25BCB-0A4D-48C6-86D2-D78E448D7185}.Release|x64.ActiveCfg = Release|x64
		{A1D25BCB-0A4D-48C6-86D2-D78E448D7185}.Release|x64.Build.0 = Release|x64
		{A1D25BCB-0A4D-48C6-86D2-D78E448D7185}.Release|x86.ActiveCfg = Release|Win32
		{A1D25BCB-0A4D-48C6-86D2-D78E448D7185}.Release|x86.Build.0 = Release|Win32
		{95602489-0D27-40B1-AC21-12C0A19A53CD}.Debug|x64.ActiveCfg = Debug|x64
		{95602489-0D27-40B1-AC21-12C0A19A53CD}.Debug|x64.Build.0 = Debug|x64
		{95602489-0D27-40B1-AC21-12C0A19A53CD}.Debug|x86.ActiveCfg = Debug|Win32
		{95602489-0D27-40B1-AC21-12C0A19A53CD}.Debug|x86.Build.0 = Debug|Win32
		{95602489-0D27-40B1-AC21-12C0A19A53CD}.Release|x64.ActiveCfg = Release|x64
		{95602489-0D27-40B1-AC21-12C0A19A53CD}.Release|x64.Build.0 = Release|x64
		{95602489-0D27-40B1-AC21-12C0A19A53CD}.Release|x86.ActiveCfg = Release|Win32
		{95602489-0D27-40B1-AC21-12C0A19A53CD}.Release|x86.Build.0 = Release|Win32
		{2F359EDF-A9C3-40D5-B470-FEB620823C99}.Debug|x64.ActiveCfg = Debug|x64
		{2F359EDF-A9C3-40D5-B470-FEB620823C99}.Debug|x64.Build.0 = Debug|x64
		{2F359EDF-A9C3-40D5-B470-FEB620823C99}.Debug|x86.ActiveCfg = Debug|Win32
		{2F359EDF-A9C3-40D5-B470-FEB620823C99}.Debug|x86.Build.0 = Debug|Win32
		{2F359EDF-A9C3-40D5-B470-FEB620823C99}.Release|x64.ActiveCfg = Release|x64
		{2F359EDF-A9C3-40D5-B470-FEB620823C99}.Release|x64.Build.0 = Release|x64
		{2F359EDF-A9C3-40D5-B470-FEB620823C99}.Release|x86.ActiveCfg = Release|Win32
		{2F359EDF-A9C3-40D5-B470-FEB620823C99}.Release|x86.Build.0 = Release|Win32
		{61BF601C-4D9E-49C8-B410-10F9D2877952}.Debug|x64.ActiveCfg = Debug|x64
		{61BF601C-4D9E-49C8-B410-10F9D2877952}.Debug|x64.Build.0 = Debug|x64
		{61BF601C-4D9E-49C8-B410-10F9D2877952}.Debug|x86.ActiveCfg = Debug|Win32
		{61BF601C-4D9E-49C8-B410-10F9D2877952}.Debug|x86.Build.0 = Debug|Win32
		{61BF601C-4D9E-49C8-B410-10F9D2877952}.Release|x64.ActiveCfg = Release|x64
		{61BF601C-4D9E-49C8-B410-10F9D2877952}.Release|x64.Build.0 = Release|x64
		{61BF601C-4D9E-49C8-B410-10F9D2877952}.Release|x86.ActiveCfg = Release|Win32
		{61BF601C-4D9E-49C8-B410-10F9D2877952}.Release|x86.Build.0 = Release|Win32
		{010B9929-44C7-4ADA-8B7F-CC5C7EA3A77F}.Debug|x64.ActiveCfg = Debug|x64
		{010B9929-44C7-4ADA-8B7F-CC5C7EA3A77F}.Debug|x64.Build.0 = Debug|x64
		{010B9929-44C7-4ADA-8B7F-CC5C7EA3A77F}.Debug|x86.ActiveCfg = Debug|Win32
		{010B9929-44C7-4ADA-8B7F-CC5C7EA3A77F}.Debug|x86.Build.0 = Debug|Win32
		{010B9929-44C7-4ADA-8B7F-CC5C7EA3A77F}.Release|x64.ActiveCfg = Release|x64
		{010B9929-44C7-4ADA-8B7F-CC5C7EA3A77F}.Release|x64.Build.0 = Release|x64
		{010B9929-44C7-4ADA-8B7F-CC5C7EA3A77F}.Release|x86.ActiveCfg = Release|Win32
		{010B9929-44C7-4ADA-8B7F-CC5C7EA3A77F}.Release|x86.Build.0 = Release|Win32
		{D3E37F54-E8BD-477B-BEE7-3192AA52D46C}.Debug|x64.ActiveCfg = Debug|x64
		{D3E37F54-E8BD-477B-BEE7-3192AA52D46C}.Debug|x64.Build.0 = Debug|x64
		{D3E37F54-E8BD-477B-BEE7-3192AA52D46C}.Debug|x86.ActiveCfg = Debug|Win32
		{D3E37F54-E8BD-477B-BEE7-3192AA52D46C}.Debug|x86.Build.0 = Debug|Win32
		{D3E37F54-E8BD-477B-BEE7-3192AA52D46C}.Release|x64.ActiveCfg = Release|x64
		{D3E37F54-E8BD-477B-BEE7-3192AA52D46C}.Release|x64.Build.0 = Release|x64
		{D3E37F54-E8BD-477B-BEE7-3192AA52D46C}.Release|x86.ActiveCfg = Release|Win32
		{D3E37F54-E8BD-477B-BEE7-3192AA52D46C}.Release|x86.Build.0 = Release|Win32
		{B5786830-A753-47A1-8526-22732EE9EBF9}.Debug|x64.ActiveCfg = Debug|x64
		{B5786830-A753-47A1-8526-22732EE9EBF9}.Debug|x64.Build.0 = Debug|x64
		{B5786830-A753-47A1-8526-22732EE9EBF9}.Debug|x86.ActiveCfg = Debug|Win32
		{B5786830-A753-47A1-8526-22732EE9EBF9}.Debug|x86.Build.0 = Debug|Win32
		{B5786830-A753-47A1-8526-22732EE9EBF9}.Release|x64.ActiveCfg = Release|x64
		{B5786830-A753-47A1-8526-22732EE9EBF9}.Release|x64.Build.0 = Release|x64
		{B5786830-A753-47A1-8526-22732EE9EBF9}.Release|x86.ActiveCfg = Release|Win32
		{B5786830-A753-47A1-8526-22732EE9EBF9}.Release|x86.Build.0 = Release|Win32
		{7FD709A1-9E93-492A-850A-C4F06E752655}.Debug|x64.ActiveCfg = Debug|x64
		{7FD709A1-9E93-492A-850A-C4F06E752655}.Debug|x64.Build.0 = Debug|x64
		{7FD709A1-9E93-492A-850A-C4F06E752655}.Debug|x86.ActiveCfg = Debug|Win32
		{7FD709A1-9E93-492A-850A-C4F06E752655}.Debug|x86.Build.0 = Debug|Win32
		{7FD709A1-9E93-492A-850A-C4F06E752655}.Release|x64.ActiveCfg = Release|x64
		{7FD709A1-9E93-492A-850A-C4F06E752655}.Release|x64.Build.0 = Release|x64
		{7FD709A1-9E93-492A-850A-C4F06E752655}.Release|x86.ActiveCfg = Release|Win32
		{7FD709A1-9E93-492A-850A-C4F06E752655}.Release|x86.Build.0 = Release|Win32
		{8561394D-86FA-4436-A2C1-7D8DA08954C8}.Debug|x64.ActiveCfg = Debug|x64
		{8561394D-86FA-4436-A2C1-7D8DA08954C8}.Debug|x64.Build.0 = Debug|x64
		{8561394D-86FA-4436-A2C1-7D8DA08954C8}.Debug|x86.ActiveCfg = Debug|Win32
		{8561394D-86FA-4436-A2C1-7D8DA08954C8}.Debug|x86.Build.0 = Debug|Win32
		{8561394D-86FA-4436-A2C1-7D8DA08954C8}.Release|x64.ActiveCfg = Release|x64
		{8561394D-86FA-4436-A2C1-7D8DA08954C8}.Release|x64.Build.0 = Release|x64
		{8561394D-86FA-4436-A2C1-7D8DA08954C8}.Release|x86.ActiveCfg = Release|Win32
		{8561394D-86FA-4436-A2C1-7D8DA08954C8}.Release|x86.Build.0 = Release|Win32
		{185C6CAD-327F-428A-866A-E164A0178EFE}.Debug|x64.ActiveCfg = Debug|x64
		{185C6CAD-327F-428A-866A-E164A0178EFE}.Debug|x64.Build.0 = Debug|x64
		{185C6CAD-327F-428A-866A-E164A0178EFE}.Debug|x86.ActiveCfg = Debug|Win32
		{185C6CAD-327F-428A-866A-E164A0178EFE}.Debug|x86.Build.0 = Debug|Win32
		{185C6CAD-327F-428A-866A-E164A0178EFE}.Release|x64.ActiveCfg = Release|x64
		{185C6CAD-327F-428A-866A-E164A0178EFE}.Release|x64.Build.0 = Release|x64
		{185C6CAD-327F-428A-866A-E164A0178EFE}.Release|x86.ActiveCfg = Release|Win32
		{185C6CAD-327F-428A-866A-E164A0178EFE}.Release|x86.Build.0 = Release|Win32
		{8420B30E-1356-453C-A2FA-1927DBB8DD2A}.Debug|x64.ActiveCfg = Debug|x64
		{8420B30E-1356-453C-A2FA-1927DBB8DD2A}.Debug|x64.Build.0 = Debug|x64
		{8420B30E-1356-453C-A2FA-1927DBB8DD2A}.Debug|x86.ActiveCfg = Debug|Win32
		{8420B30E-1356-453C-A2FA-1927DBB8DD2A}.Debug|x86.Build.0 = Debug|Win32
		{8420B30E-1356-453C-A2FA-1927DBB8DD2A}.Release|x64.ActiveCfg = Release|x64
		{8420B30E-1356-453C-A2FA-1927DBB8DD2A}.Release|x64.Build.0 = Release|x64
		{8420B30E-1356-453C-A2FA-1927DBB8DD2A}.Release|x86.ActiveCfg = Release|Win32
		{8420B30E-1356-453C-A2FA-1927DBB8DD2A}.Release|x86.Build.0 = Release|Win32
	EndGlobalSection
	GlobalSection(SolutionProperties) = preSolution
		HideSolutionNode = FALSE
	EndGlobalSection
	GlobalSection(ExtensibilityGlobals) = postSolution
		SolutionGuid = {05F8FCC8-4759-4149-84A7-298EE6195E48}
	EndGlobalSection
EndGlobal
