
Microsoft Visual Studio Solution File, Format Version 12.00
# Visual Studio Version 17
VisualStudioVersion = 17.2.32519.379
MinimumVisualStudioVersion = 10.0.40219.1
Project("{8BC9CEB8-8B4A-11D0-8D11-00A0C91BC942}") = "Preparation", "Preparation\Preparation.vcxproj", "{5FFF017E-D12F-42EC-A995-69B2A458CFF5}"
EndProject
Global
	GlobalSection(SolutionConfigurationPlatforms) = preSolution
		Debug|x64 = Debug|x64
		Debug|x86 = Debug|x86
		Release|x64 = Release|x64
		Release|x86 = Release|x86
	EndGlobalSection
	GlobalSection(ProjectConfigurationPlatforms) = postSolution
		{5FFF017E-D12F-42EC-A995-69B2A458CFF5}.Debug|x64.ActiveCfg = Debug|x64
		{5FFF017E-D12F-42EC-A995-69B2A458CFF5}.Debug|x64.Build.0 = Debug|x64
		{5FFF017E-D12F-42EC-A995-69B2A458CFF5}.Debug|x86.ActiveCfg = Debug|Win32
		{5FFF017E-D12F-42EC-A995-69B2A458CFF5}.Debug|x86.Build.0 = Debug|Win32
		{5FFF017E-D12F-42EC-A995-69B2A458CFF5}.Release|x64.ActiveCfg = Release|x64
		{5FFF017E-D12F-42EC-A995-69B2A458CFF5}.Release|x64.Build.0 = Release|x64
		{5FFF017E-D12F-42EC-A995-69B2A458CFF5}.Release|x86.ActiveCfg = Release|Win32
		{5FFF017E-D12F-42EC-A995-69B2A458CFF5}.Release|x86.Build.0 = Release|Win32
	EndGlobalSection
	GlobalSection(SolutionProperties) = preSolution
		HideSolutionNode = FALSE
	EndGlobalSection
	GlobalSection(ExtensibilityGlobals) = postSolution
		SolutionGuid = {D8C606FD-08AB-48DF-8D15-26781091B960}
	EndGlobalSection
EndGlobal
